
Microsoft Visual Studio Solution File, Format Version 12.00
# Visual Studio 15
VisualStudioVersion = 15.0.27130.2027
MinimumVisualStudioVersion = 10.0.40219.1
Project("{8BC9CEB8-8B4A-11D0-8D11-00A0C91BC942}") = "ReviewGL", "ReviewGL\ReviewGL.vcxproj", "{890C1BE7-04FC-474F-85B3-A53BF3306C76}"
EndProject
Global
	GlobalSection(SolutionConfigurationPlatforms) = preSolution
		Debug|x64 = Debug|x64
		Debug|x86 = Debug|x86
		Release|x64 = Release|x64
		Release|x86 = Release|x86
	EndGlobalSection
	GlobalSection(ProjectConfigurationPlatforms) = postSolution
		{890C1BE7-04FC-474F-85B3-A53BF3306C76}.Debug|x64.ActiveCfg = Debug|x64
		{890C1BE7-04FC-474F-85B3-A53BF3306C76}.Debug|x64.Build.0 = Debug|x64
		{890C1BE7-04FC-474F-85B3-A53BF3306C76}.Debug|x86.ActiveCfg = Debug|Win32
		{890C1BE7-04FC-474F-85B3-A53BF3306C76}.Debug|x86.Build.0 = Debug|Win32
		{890C1BE7-04FC-474F-85B3-A53BF3306C76}.Release|x64.ActiveCfg = Release|x64
		{890C1BE7-04FC-474F-85B3-A53BF3306C76}.Release|x64.Build.0 = Release|x64
		{890C1BE7-04FC-474F-85B3-A53BF3306C76}.Release|x86.ActiveCfg = Release|Win32
		{890C1BE7-04FC-474F-85B3-A53BF3306C76}.Release|x86.Build.0 = Release|Win32
	EndGlobalSection
	GlobalSection(SolutionProperties) = preSolution
		HideSolutionNode = FALSE
	EndGlobalSection
	GlobalSection(ExtensibilityGlobals) = postSolution
		SolutionGuid = {BA89E65C-BA06-465D-AD82-FB17B6AE156B}
	EndGlobalSection
EndGlobal
